
Microsoft Visual Studio Solution File, Format Version 12.00
# Visual Studio Version 17
VisualStudioVersion = 17.14.36623.8 d17.14
MinimumVisualStudioVersion = 10.0.40219.1
Project("{FAE04EC0-301F-11D3-BF4B-00C04F79EFBC}") = "EmployeeManagementSystem", "EmployeeManagementSystem\EmployeeManagementSystem.csproj", "{BDA217BC-542A-4F2F-AD31-16046B57F014}"
EndProject
Global
	GlobalSection(SolutionConfigurationPlatforms) = preSolution
		Debug|Any CPU = Debug|Any CPU
		Release|Any CPU = Release|Any CPU
	EndGlobalSection
	GlobalSection(ProjectConfigurationPlatforms) = postSolution
		{BDA217BC-542A-4F2F-AD31-16046B57F014}.Debug|Any CPU.ActiveCfg = Debug|Any CPU
		{BDA217BC-542A-4F2F-AD31-16046B57F014}.Debug|Any CPU.Build.0 = Debug|Any CPU
		{BDA217BC-542A-4F2F-AD31-16046B57F014}.Release|Any CPU.ActiveCfg = Release|Any CPU
		{BDA217BC-542A-4F2F-AD31-16046B57F014}.Release|Any CPU.Build.0 = Release|Any CPU
	EndGlobalSection
	GlobalSection(SolutionProperties) = preSolution
		HideSolutionNode = FALSE
	EndGlobalSection
	GlobalSection(ExtensibilityGlobals) = postSolution
		SolutionGuid = {6A5BCE51-CF22-4C91-A97D-7558FB47FC78}
	EndGlobalSection
EndGlobal
